
Microsoft Visual Studio Solution File, Format Version 12.00
Project("{FAE04EC0-301F-11D3-BF4B-00C04F79EFBC}") = "TestOrleans", "TestOrleans\TestOrleans.csproj", "{8CE18885-E8DE-4997-90C8-5F5CEC94EAC0}"
EndProject
Global
	GlobalSection(SolutionConfigurationPlatforms) = preSolution
		Debug|Any CPU = Debug|Any CPU
		Release|Any CPU = Release|Any CPU
	EndGlobalSection
	GlobalSection(ProjectConfigurationPlatforms) = postSolution
		{8CE18885-E8DE-4997-90C8-5F5CEC94EAC0}.Debug|Any CPU.ActiveCfg = Debug|Any CPU
		{8CE18885-E8DE-4997-90C8-5F5CEC94EAC0}.Debug|Any CPU.Build.0 = Debug|Any CPU
		{8CE18885-E8DE-4997-90C8-5F5CEC94EAC0}.Release|Any CPU.ActiveCfg = Release|Any CPU
		{8CE18885-E8DE-4997-90C8-5F5CEC94EAC0}.Release|Any CPU.Build.0 = Release|Any CPU
	EndGlobalSection
EndGlobal
